PODS:
  - Alamofire (4.8.2)
  - AlamofireNetworkActivityLogger (2.4.0):
    - Alamofire (~> 4.8)
  - ConsolePrint (0.2.0)
  - Realm (3.17.1):
    - Realm/Headers (= 3.17.1)
  - Realm/Headers (3.17.1)
  - RealmSwift (3.17.1):
    - Realm (= 3.17.1)
  - SwiftyJSON (5.0.0)
  - WebExtension-Shim (0.3.0):
    - ConsolePrint
    - SwiftyJSON (~> 5.0.0)
    - WebExtension-Shim/WebExtension-Shim (= 0.3.0)
  - WebExtension-Shim/JSONRPC (0.3.0):
    - ConsolePrint
    - SwiftyJSON (~> 5.0.0)
  - WebExtension-Shim/Tests (0.3.0):
    - ConsolePrint
    - SwiftyJSON (~> 5.0.0)
  - WebExtension-Shim/WebExtension-Shim (0.3.0):
    - Alamofire (~> 4.7)
    - AlamofireNetworkActivityLogger (~> 2.4)
    - ConsolePrint
    - RealmSwift
    - SwiftyJSON (~> 5.0.0)
    - WebExtension-Shim/JSONRPC

DEPENDENCIES:
  - WebExtension-Shim (from `../`)
  - WebExtension-Shim/Tests (from `../`)

SPEC REPOS:
  https://github.com/cocoapods/specs.git:
    - Alamofire
    - AlamofireNetworkActivityLogger
    - ConsolePrint
    - Realm
    - RealmSwift
    - SwiftyJSON

EXTERNAL SOURCES:
  WebExtension-Shim:
    :path: "../"

SPEC CHECKSUMS:
  Alamofire: ae5c501addb7afdbb13687d7f2f722c78734c2d3
  AlamofireNetworkActivityLogger: 6d3398c692d2c5d83b0c58793537860aca1e383d
  ConsolePrint: 2d5a73bb45f08efa259bef7583707d6dfa007141
  Realm: c204f1a890f07dea43b14132a6aad118c054b8f2
  RealmSwift: 4d3c9233544b9cd08a8913e0872b9038eb99b054
  SwiftyJSON: 36413e04c44ee145039d332b4f4e2d3e8d6c4db7
  WebExtension-Shim: 38b281f04672db02cd706e4d7729aa8fc275636f

PODFILE CHECKSUM: 36f0086db586a83efb2da9adc3764ba2406a7f12

COCOAPODS: 1.7.3
