PODS:
  - Alamofire (4.9.1)
  - AlamofireNetworkActivityLogger (2.4.0):
    - Alamofire (~> 4.8)
  - ConsolePrint (0.2.0)
  - Realm (4.1.1):
    - Realm/Headers (= 4.1.1)
  - Realm/Headers (4.1.1)
  - RealmSwift (4.1.1):
    - Realm (= 4.1.1)
  - SwiftyJSON (5.0.0)
  - WebExtension-Shim (0.3.8):
    - ConsolePrint
    - SwiftyJSON (~> 5.0.0)
    - WebExtension-Shim/WebExtension-Shim (= 0.3.8)
  - WebExtension-Shim/JSONRPC (0.3.8):
    - ConsolePrint
    - SwiftyJSON (~> 5.0.0)
  - WebExtension-Shim/Tests (0.3.8):
    - ConsolePrint
    - SwiftyJSON (~> 5.0.0)
  - WebExtension-Shim/WebExtension-Shim (0.3.8):
    - Alamofire (~> 4.7)
    - AlamofireNetworkActivityLogger (~> 2.4)
    - ConsolePrint
    - RealmSwift
    - SwiftyJSON (~> 5.0.0)
    - WebExtension-Shim/JSONRPC

DEPENDENCIES:
  - WebExtension-Shim (from `../`)
  - WebExtension-Shim/Tests (from `../`)

SPEC REPOS:
  trunk:
    - Alamofire
    - AlamofireNetworkActivityLogger
    - ConsolePrint
    - Realm
    - RealmSwift
    - SwiftyJSON

EXTERNAL SOURCES:
  WebExtension-Shim:
    :path: "../"

SPEC CHECKSUMS:
  Alamofire: 85e8a02c69d6020a0d734f6054870d7ecb75cf18
  AlamofireNetworkActivityLogger: 6d3398c692d2c5d83b0c58793537860aca1e383d
  ConsolePrint: 2d5a73bb45f08efa259bef7583707d6dfa007141
  Realm: 25f0a8244cbb1c2271c922963ea8666fc2d8104d
  RealmSwift: 9e2657b33764f80e4a4dffd6d440e24715782052
  SwiftyJSON: 36413e04c44ee145039d332b4f4e2d3e8d6c4db7
  WebExtension-Shim: c6c066b5c7c381f4ebcb1c1453f57b176725fecd

PODFILE CHECKSUM: 36f0086db586a83efb2da9adc3764ba2406a7f12

COCOAPODS: 1.8.4
