PODS:
  - Alamofire (4.9.1)
  - AlamofireNetworkActivityLogger (2.4.0):
    - Alamofire (~> 4.8)
  - ConsolePrint (0.2.0)
  - Realm (3.20.0):
    - Realm/Headers (= 3.20.0)
  - Realm/Headers (3.20.0)
  - RealmSwift (3.20.0):
    - Realm (= 3.20.0)
  - SwiftyJSON (5.0.0)
  - WebExtension-Shim (0.3.6):
    - ConsolePrint
    - SwiftyJSON (~> 5.0.0)
    - WebExtension-Shim/WebExtension-Shim (= 0.3.6)
  - WebExtension-Shim/JSONRPC (0.3.6):
    - ConsolePrint
    - SwiftyJSON (~> 5.0.0)
  - WebExtension-Shim/Tests (0.3.6):
    - ConsolePrint
    - SwiftyJSON (~> 5.0.0)
  - WebExtension-Shim/WebExtension-Shim (0.3.6):
    - Alamofire (~> 4.7)
    - AlamofireNetworkActivityLogger (~> 2.4)
    - ConsolePrint
    - RealmSwift
    - SwiftyJSON (~> 5.0.0)
    - WebExtension-Shim/JSONRPC

DEPENDENCIES:
  - WebExtension-Shim (from `../`)
  - WebExtension-Shim/Tests (from `../`)

SPEC REPOS:
  trunk:
    - Alamofire
    - AlamofireNetworkActivityLogger
    - ConsolePrint
    - Realm
    - RealmSwift
    - SwiftyJSON

EXTERNAL SOURCES:
  WebExtension-Shim:
    :path: "../"

SPEC CHECKSUMS:
  Alamofire: 85e8a02c69d6020a0d734f6054870d7ecb75cf18
  AlamofireNetworkActivityLogger: 6d3398c692d2c5d83b0c58793537860aca1e383d
  ConsolePrint: 2d5a73bb45f08efa259bef7583707d6dfa007141
  Realm: 8b2ca5bc6479a91f379b6b42b5922e396cd5ba5a
  RealmSwift: 1949ef26a279e1845bd51d591b9103adfcd121df
  SwiftyJSON: 36413e04c44ee145039d332b4f4e2d3e8d6c4db7
  WebExtension-Shim: 96e73dff96d739888e81b6e27d9b10766e84a1da

PODFILE CHECKSUM: 36f0086db586a83efb2da9adc3764ba2406a7f12

COCOAPODS: 1.8.4
